// !$*UTF8*$!
{
	archiveVersion = 1;
	classes = {
	};
	objectVersion = 50;
	objects = {

/* Begin PBXBuildFile section */
		CB01E1EB20DEF7AC00452EDA /* AppDelegate.swift in Sources */ = {isa = PBXBuildFile; fileRef = CB01E1EA20DEF7AC00452EDA /* AppDelegate.swift */; };
		CB01E1ED20DEF7AC00452EDA /* GalleryViewController.swift in Sources */ = {isa = PBXBuildFile; fileRef = CB01E1EC20DEF7AC00452EDA /* GalleryViewController.swift */; };
		CB01E1F020DEF7AC00452EDA /* Main.storyboard in Resources */ = {isa = PBXBuildFile; fileRef = CB01E1EE20DEF7AC00452EDA /* Main.storyboard */; };
		CB01E1F220DEF7AE00452EDA /* Assets.xcassets in Resources */ = {isa = PBXBuildFile; fileRef = CB01E1F120DEF7AE00452EDA /* Assets.xcassets */; };
		CB01E1F520DEF7AE00452EDA /* LaunchScreen.storyboard in Resources */ = {isa = PBXBuildFile; fileRef = CB01E1F320DEF7AE00452EDA /* LaunchScreen.storyboard */; };
		CBFC69A220E1486D009C9943 /* BlackBox.framework in Frameworks */ = {isa = PBXBuildFile; fileRef = CBFC699E20E1485D009C9943 /* BlackBox.framework */; };
		CBFC69A320E1486D009C9943 /* BlackBox.framework in Embed Frameworks */ = {isa = PBXBuildFile; fileRef = CBFC699E20E1485D009C9943 /* BlackBox.framework */; settings = {ATTRIBUTES = (CodeSignOnCopy, RemoveHeadersOnCopy, ); }; };
/* End PBXBuildFile section */

/* Begin PBXCopyFilesBuildPhase section */
		CBFC69A420E1486D009C9943 /* Embed Frameworks */ = {
			isa = PBXCopyFilesBuildPhase;
			buildActionMask = 2147483647;
			dstPath = "";
			dstSubfolderSpec = 10;
			files = (
				CBFC69A320E1486D009C9943 /* BlackBox.framework in Embed Frameworks */,
			);
			name = "Embed Frameworks";
			runOnlyForDeploymentPostprocessing = 0;
		};
/* End PBXCopyFilesBuildPhase section */

/* Begin PBXFileReference section */
		CB01E1E720DEF7AC00452EDA /* Amazing Gallery.app */ = {isa = PBXFileReference; explicitFileType = wrapper.application; includeInIndex = 0; path = "Amazing Gallery.app"; sourceTree = BUILT_PRODUCTS_DIR; };
		CB01E1EA20DEF7AC00452EDA /* AppDelegate.swift */ = {isa = PBXFileReference; lastKnownFileType = sourcecode.swift; path = AppDelegate.swift; sourceTree = "<group>"; };
		CB01E1EC20DEF7AC00452EDA /* GalleryViewController.swift */ = {isa = PBXFileReference; lastKnownFileType = sourcecode.swift; path = GalleryViewController.swift; sourceTree = "<group>"; };
		CB01E1EF20DEF7AC00452EDA /* Base */ = {isa = PBXFileReference; lastKnownFileType = file.storyboard; name = Base; path = Base.lproj/Main.storyboard; sourceTree = "<group>"; };
		CB01E1F120DEF7AE00452EDA /* Assets.xcassets */ = {isa = PBXFileReference; lastKnownFileType = folder.assetcatalog; path = Assets.xcassets; sourceTree = "<group>"; };
		CB01E1F420DEF7AE00452EDA /* Base */ = {isa = PBXFileReference; lastKnownFileType = file.storyboard; name = Base; path = Base.lproj/LaunchScreen.storyboard; sourceTree = "<group>"; };
		CB01E1F620DEF7AE00452EDA /* Info.plist */ = {isa = PBXFileReference; lastKnownFileType = text.plist.xml; path = Info.plist; sourceTree = "<group>"; };
		CB01E26E20DF231700452EDA /* PhotoCollectionViewCell.swift */ = {isa = PBXFileReference; lastKnownFileType = sourcecode.swift; path = PhotoCollectionViewCell.swift; sourceTree = "<group>"; };
		CBFC699E20E1485D009C9943 /* BlackBox.framework */ = {isa = PBXFileReference; lastKnownFileType = wrapper.framework; path = BlackBox.framework; sourceTree = "<group>"; };
/* End PBXFileReference section */

/* Begin PBXFrameworksBuildPhase section */
		CB01E1E420DEF7AC00452EDA /* Frameworks */ = {
			isa = PBXFrameworksBuildPhase;
			buildActionMask = 2147483647;
			files = (
				CBFC69A220E1486D009C9943 /* BlackBox.framework in Frameworks */,
			);
			runOnlyForDeploymentPostprocessing = 0;
		};
/* End PBXFrameworksBuildPhase section */

/* Begin PBXGroup section */
		CB01E1DE20DEF7AC00452EDA = {
			isa = PBXGroup;
			children = (
				CB01E1E920DEF7AC00452EDA /* Amazing Gallery */,
				CBFC699D20E1484B009C9943 /* Frameworks */,
				CB01E1E820DEF7AC00452EDA /* Products */,
			);
			sourceTree = "<group>";
		};
		CB01E1E820DEF7AC00452EDA /* Products */ = {
			isa = PBXGroup;
			children = (
				CB01E1E720DEF7AC00452EDA /* Amazing Gallery.app */,
			);
			name = Products;
			sourceTree = "<group>";
		};
		CB01E1E920DEF7AC00452EDA /* Amazing Gallery */ = {
			isa = PBXGroup;
			children = (
				CB01E1EA20DEF7AC00452EDA /* AppDelegate.swift */,
				CB01E1EC20DEF7AC00452EDA /* GalleryViewController.swift */,
				CB01E26E20DF231700452EDA /* PhotoCollectionViewCell.swift */,
				CB01E1EE20DEF7AC00452EDA /* Main.storyboard */,
				CB01E1F120DEF7AE00452EDA /* Assets.xcassets */,
				CB01E1F320DEF7AE00452EDA /* LaunchScreen.storyboard */,
				CB01E1F620DEF7AE00452EDA /* Info.plist */,
			);
			path = "Amazing Gallery";
			sourceTree = "<group>";
		};
		CBFC699D20E1484B009C9943 /* Frameworks */ = {
			isa = PBXGroup;
			children = (
				CBFC699E20E1485D009C9943 /* BlackBox.framework */,
			);
			path = Frameworks;
			sourceTree = "<group>";
		};
/* End PBXGroup section */

/* Begin PBXNativeTarget section */
		CB01E1E620DEF7AC00452EDA /* Amazing Gallery */ = {
			isa = PBXNativeTarget;
			buildConfigurationList = CB01E1F920DEF7AE00452EDA /* Build configuration list for PBXNativeTarget "Amazing Gallery" */;
			buildPhases = (
				CB01E1E320DEF7AC00452EDA /* Sources */,
				CB01E1E420DEF7AC00452EDA /* Frameworks */,
				CB01E1E520DEF7AC00452EDA /* Resources */,
				CBFC69A420E1486D009C9943 /* Embed Frameworks */,
			);
			buildRules = (
			);
			dependencies = (
			);
			name = "Amazing Gallery";
			productName = "Amazing Gallery";
			productReference = CB01E1E720DEF7AC00452EDA /* Amazing Gallery.app */;
			productType = "com.apple.product-type.application";
		};
/* End PBXNativeTarget section */

/* Begin PBXProject section */
		CB01E1DF20DEF7AC00452EDA /* Project object */ = {
			isa = PBXProject;
			attributes = {
				LastSwiftUpdateCheck = 0940;
				LastUpgradeCheck = 0940;
				ORGANIZATIONNAME = "Pablo Gomez Basanta";
				TargetAttributes = {
					CB01E1E620DEF7AC00452EDA = {
						CreatedOnToolsVersion = 9.4;
					};
				};
			};
			buildConfigurationList = CB01E1E220DEF7AC00452EDA /* Build configuration list for PBXProject "Amazing Gallery" */;
			compatibilityVersion = "Xcode 9.3";
			developmentRegion = en;
			hasScannedForEncodings = 0;
			knownRegions = (
				en,
				Base,
			);
			mainGroup = CB01E1DE20DEF7AC00452EDA;
			productRefGroup = CB01E1E820DEF7AC00452EDA /* Products */;
			projectDirPath = "";
			projectRoot = "";
			targets = (
				CB01E1E620DEF7AC00452EDA /* Amazing Gallery */,
			);
		};
/* End PBXProject section */

/* Begin PBXResourcesBuildPhase section */
		CB01E1E520DEF7AC00452EDA /* Resources */ = {
			isa = PBXResourcesBuildPhase;
			buildActionMask = 2147483647;
			files = (
				CB01E1F520DEF7AE00452EDA /* LaunchScreen.storyboard in Resources */,
				CB01E1F220DEF7AE00452EDA /* Assets.xcassets in Resources */,
				CB01E1F020DEF7AC00452EDA /* Main.storyboard in Resources */,
			);
			runOnlyForDeploymentPostprocessing = 0;
		};
/* End PBXResourcesBuildPhase section */

/* Begin PBXSourcesBuildPhase section */
		CB01E1E320DEF7AC00452EDA /* Sources */ = {
			isa = PBXSourcesBuildPhase;
			buildActionMask = 2147483647;
			files = (
				CB01E1ED20DEF7AC00452EDA /* GalleryViewController.swift in Sources */,
				CB01E1EB20DEF7AC00452EDA /* AppDelegate.swift in Sources */,
			);
			runOnlyForDeploymentPostprocessing = 0;
		};
/* End PBXSourcesBuildPhase section */

/* Begin PBXVariantGroup section */
		CB01E1EE20DEF7AC00452EDA /* Main.storyboard */ = {
			isa = PBXVariantGroup;
			children = (
				CB01E1EF20DEF7AC00452EDA /* Base */,
			);
			name = Main.storyboard;
			sourceTree = "<group>";
		};
		CB01E1F320DEF7AE00452EDA /* LaunchScreen.storyboard */ = {
			isa = PBXVariantGroup;
			children = (
				CB01E1F420DEF7AE00452EDA /* Base */,
			);
			name = LaunchScreen.storyboard;
			sourceTree = "<group>";
		};
/* End PBXVariantGroup section */

/* Begin XCBuildConfiguration section */
		CB01E1F720DEF7AE00452EDA /* Debug */ = {
			isa = XCBuildConfiguration;
			buildSettings = {
				ALWAYS_SEARCH_USER_PATHS = NO;
				CLANG_ANALYZER_NONNULL = YES;
				CLANG_ANALYZER_NUMBER_OBJECT_CONVERSION = YES_AGGRESSIVE;
				CLANG_CXX_LANGUAGE_STANDARD = "gnu++14";
				CLANG_CXX_LIBRARY = "libc++";
				CLANG_ENABLE_MODULES = YES;
				CLANG_ENABLE_OBJC_ARC = YES;
				CLANG_ENABLE_OBJC_WEAK = YES;
				CLANG_WARN_BLOCK_CAPTURE_AUTORELEASING = YES;
				CLANG_WARN_BOOL_CONVERSION = YES;
				CLANG_WARN_COMMA = YES;
				CLANG_WARN_CONSTANT_CONVERSION = YES;
				CLANG_WARN_DEPRECATED_OBJC_IMPLEMENTATIONS = YES;
				CLANG_WARN_DIRECT_OBJC_ISA_USAGE = YES_ERROR;
				CLANG_WARN_DOCUMENTATION_COMMENTS = YES;
				CLANG_WARN_EMPTY_BODY = YES;
				CLANG_WARN_ENUM_CONVERSION = YES;
				CLANG_WARN_INFINITE_RECURSION = YES;
				CLANG_WARN_INT_CONVERSION = YES;
				CLANG_WARN_NON_LITERAL_NULL_CONVERSION = YES;
				CLANG_WARN_OBJC_IMPLICIT_RETAIN_SELF = YES;
				CLANG_WARN_OBJC_LITERAL_CONVERSION = YES;
				CLANG_WARN_OBJC_ROOT_CLASS = YES_ERROR;
				CLANG_WARN_RANGE_LOOP_ANALYSIS = YES;
				CLANG_WARN_STRICT_PROTOTYPES = YES;
				CLANG_WARN_SUSPICIOUS_MOVE = YES;
				CLANG_WARN_UNGUARDED_AVAILABILITY = YES_AGGRESSIVE;
				CLANG_WARN_UNREACHABLE_CODE = YES;
				CLANG_WARN__DUPLICATE_METHOD_MATCH = YES;
				CODE_SIGN_IDENTITY = "iPhone Developer";
				COPY_PHASE_STRIP = NO;
				DEBUG_INFORMATION_FORMAT = dwarf;
				ENABLE_STRICT_OBJC_MSGSEND = YES;
				ENABLE_TESTABILITY = YES;
				GCC_C_LANGUAGE_STANDARD = gnu11;
				GCC_DYNAMIC_NO_PIC = NO;
				GCC_NO_COMMON_BLOCKS = YES;
				GCC_OPTIMIZATION_LEVEL = 0;
				GCC_PREPROCESSOR_DEFINITIONS = (
					"DEBUG=1",
					"$(inherited)",
				);
				GCC_WARN_64_TO_32_BIT_CONVERSION = YES;
				GCC_WARN_ABOUT_RETURN_TYPE = YES_ERROR;
				GCC_WARN_UNDECLARED_SELECTOR = YES;
				GCC_WARN_UNINITIALIZED_AUTOS = YES_AGGRESSIVE;
				GCC_WARN_UNUSED_FUNCTION = YES;
				GCC_WARN_UNUSED_VARIABLE = YES;
				IPHONEOS_DEPLOYMENT_TARGET = 11.4;
				MTL_ENABLE_DEBUG_INFO = YES;
				ONLY_ACTIVE_ARCH = YES;
				SDKROOT = iphoneos;
				SWIFT_ACTIVE_COMPILATION_CONDITIONS = DEBUG;
				SWIFT_OPTIMIZATION_LEVEL = "-Onone";
			};
			name = Debug;
		};
		CB01E1F820DEF7AE00452EDA /* Release */ = {
			isa = XCBuildConfiguration;
			buildSettings = {
				ALWAYS_SEARCH_USER_PATHS = NO;
				CLANG_ANALYZER_NONNULL = YES;
				CLANG_ANALYZER_NUMBER_OBJECT_CONVERSION = YES_AGGRESSIVE;
				CLANG_CXX_LANGUAGE_STANDARD = "gnu++14";
				CLANG_CXX_LIBRARY = "libc++";
				CLANG_ENABLE_MODULES = YES;
				CLANG_ENABLE_OBJC_ARC = YES;
				CLANG_ENABLE_OBJC_WEAK = YES;
				CLANG_WARN_BLOCK_CAPTURE_AUTORELEASING = YES;
				CLANG_WARN_BOOL_CONVERSION = YES;
				CLANG_WARN_COMMA = YES;
				CLANG_WARN_CONSTANT_CONVERSION = YES;
				CLANG_WARN_DEPRECATED_OBJC_IMPLEMENTATIONS = YES;
				CLANG_WARN_DIRECT_OBJC_ISA_USAGE = YES_ERROR;
				CLANG_WARN_DOCUMENTATION_COMMENTS = YES;
				CLANG_WARN_EMPTY_BODY = YES;
				CLANG_WARN_ENUM_CONVERSION = YES;
				CLANG_WARN_INFINITE_RECURSION = YES;
				CLANG_WARN_INT_CONVERSION = YES;
				CLANG_WARN_NON_LITERAL_NULL_CONVERSION = YES;
				CLANG_WARN_OBJC_IMPLICIT_RETAIN_SELF = YES;
				CLANG_WARN_OBJC_LITERAL_CONVERSION = YES;
				CLANG_WARN_OBJC_ROOT_CLASS = YES_ERROR;
				CLANG_WARN_RANGE_LOOP_ANALYSIS = YES;
				CLANG_WARN_STRICT_PROTOTYPES = YES;
				CLANG_WARN_SUSPICIOUS_MOVE = YES;
				CLANG_WARN_UNGUARDED_AVAILABILITY = YES_AGGRESSIVE;
				CLANG_WARN_UNREACHABLE_CODE = YES;
				CLANG_WARN__DUPLICATE_METHOD_MATCH = YES;
				CODE_SIGN_IDENTITY = "iPhone Developer";
				COPY_PHASE_STRIP = NO;
				DEBUG_INFORMATION_FORMAT = "dwarf-with-dsym";
				ENABLE_NS_ASSERTIONS = NO;
				ENABLE_STRICT_OBJC_MSGSEND = YES;
				GCC_C_LANGUAGE_STANDARD = gnu11;
				GCC_NO_COMMON_BLOCKS = YES;
				GCC_WARN_64_TO_32_BIT_CONVERSION = YES;
				GCC_WARN_ABOUT_RETURN_TYPE = YES_ERROR;
				GCC_WARN_UNDECLARED_SELECTOR = YES;
				GCC_WARN_UNINITIALIZED_AUTOS = YES_AGGRESSIVE;
				GCC_WARN_UNUSED_FUNCTION = YES;
				GCC_WARN_UNUSED_VARIABLE = YES;
				IPHONEOS_DEPLOYMENT_TARGET = 11.4;
				MTL_ENABLE_DEBUG_INFO = NO;
				SDKROOT = iphoneos;
				SWIFT_COMPILATION_MODE = wholemodule;
				SWIFT_OPTIMIZATION_LEVEL = "-O";
				VALIDATE_PRODUCT = YES;
			};
			name = Release;
		};
		CB01E1FA20DEF7AE00452EDA /* Debug */ = {
			isa = XCBuildConfiguration;
			buildSettings = {
				ASSETCATALOG_COMPILER_APPICON_NAME = AppIcon;
				CODE_SIGN_STYLE = Automatic;
				DEVELOPMENT_TEAM = "";
				FRAMEWORK_SEARCH_PATHS = (
					"$(inherited)",
					"$(PROJECT_DIR)/Frameworks",
				);
				INFOPLIST_FILE = "Amazing Gallery/Info.plist";
				LD_RUNPATH_SEARCH_PATHS = (
					"$(inherited)",
					"@executable_path/Frameworks",
				);
				PRODUCT_BUNDLE_IDENTIFIER = "com.interview.Amazing-Gallery";
				PRODUCT_NAME = "$(TARGET_NAME)";
				SWIFT_VERSION = 4.0;
				TARGETED_DEVICE_FAMILY = "1,2";
			};
			name = Debug;
		};
		CB01E1FB20DEF7AE00452EDA /* Release */ = {
			isa = XCBuildConfiguration;
			buildSettings = {
				ASSETCATALOG_COMPILER_APPICON_NAME = AppIcon;
				CODE_SIGN_STYLE = Automatic;
				DEVELOPMENT_TEAM = "";
				FRAMEWORK_SEARCH_PATHS = (
					"$(inherited)",
					"$(PROJECT_DIR)/Frameworks",
				);
				INFOPLIST_FILE = "Amazing Gallery/Info.plist";
				LD_RUNPATH_SEARCH_PATHS = (
					"$(inherited)",
					"@executable_path/Frameworks",
				);
				PRODUCT_BUNDLE_IDENTIFIER = "com.interview.Amazing-Gallery";
				PRODUCT_NAME = "$(TARGET_NAME)";
				SWIFT_VERSION = 4.0;
				TARGETED_DEVICE_FAMILY = "1,2";
			};
			name = Release;
		};
/* End XCBuildConfiguration section */

/* Begin XCConfigurationList section */
		CB01E1E220DEF7AC00452EDA /* Build configuration list for PBXProject "Amazing Gallery" */ = {
			isa = XCConfigurationList;
			buildConfigurations = (
				CB01E1F720DEF7AE00452EDA /* Debug */,
				CB01E1F820DEF7AE00452EDA /* Release */,
			);
			defaultConfigurationIsVisible = 0;
			defaultConfigurationName = Release;
		};
		CB01E1F920DEF7AE00452EDA /* Build configuration list for PBXNativeTarget "Amazing Gallery" */ = {
			isa = XCConfigurationList;
			buildConfigurations = (
				CB01E1FA20DEF7AE00452EDA /* Debug */,
				CB01E1FB20DEF7AE00452EDA /* Release */,
			);
			defaultConfigurationIsVisible = 0;
			defaultConfigurationName = Release;
		};
/* End XCConfigurationList section */
	};
	rootObject = CB01E1DF20DEF7AC00452EDA /* Project object */;
}
